// !$*UTF8*$!
{
	archiveVersion = 1;
	classes = {
	};
	objectVersion = 50;
	objects = {

/* Begin PBXBuildFile section */
		A8A1B28E266CEB1F00E9635B /* AppDelegate.swift in Sources */ = {isa = PBXBuildFile; fileRef = A8A1B28D266CEB1F00E9635B /* AppDelegate.swift */; };
		A8A1B290266CEB1F00E9635B /* SceneDelegate.swift in Sources */ = {isa = PBXBuildFile; fileRef = A8A1B28F266CEB1F00E9635B /* SceneDelegate.swift */; };
		A8A1B292266CEB1F00E9635B /* IntroductionViewController.swift in Sources */ = {isa = PBXBuildFile; fileRef = A8A1B291266CEB1F00E9635B /* IntroductionViewController.swift */; };
		A8A1B295266CEB1F00E9635B /* Main.storyboard in Resources */ = {isa = PBXBuildFile; fileRef = A8A1B293266CEB1F00E9635B /* Main.storyboard */; };
		A8A1B297266CEB2000E9635B /* Assets.xcassets in Resources */ = {isa = PBXBuildFile; fileRef = A8A1B296266CEB2000E9635B /* Assets.xcassets */; };
		A8A1B29A266CEB2000E9635B /* LaunchScreen.storyboard in Resources */ = {isa = PBXBuildFile; fileRef = A8A1B298266CEB2000E9635B /* LaunchScreen.storyboard */; };
		A8A1B2A2266CF32600E9635B /* QuestionViewController.swift in Sources */ = {isa = PBXBuildFile; fileRef = A8A1B2A1266CF32600E9635B /* QuestionViewController.swift */; };
		A8A1B2A4266CF34C00E9635B /* ResultsViewController.swift in Sources */ = {isa = PBXBuildFile; fileRef = A8A1B2A3266CF34C00E9635B /* ResultsViewController.swift */; };
		A8A1B2A6266CFC1700E9635B /* Question.swift in Sources */ = {isa = PBXBuildFile; fileRef = A8A1B2A5266CFC1700E9635B /* Question.swift */; };
		A8A1B2A8266CFCD200E9635B /* Answer.swift in Sources */ = {isa = PBXBuildFile; fileRef = A8A1B2A7266CFCD200E9635B /* Answer.swift */; };
/* End PBXBuildFile section */

/* Begin PBXFileReference section */
		A8A1B28A266CEB1F00E9635B /* PersonalityQuiz.app */ = {isa = PBXFileReference; explicitFileType = wrapper.application; includeInIndex = 0; path = PersonalityQuiz.app; sourceTree = BUILT_PRODUCTS_DIR; };
		A8A1B28D266CEB1F00E9635B /* AppDelegate.swift */ = {isa = PBXFileReference; lastKnownFileType = sourcecode.swift; path = AppDelegate.swift; sourceTree = "<group>"; };
		A8A1B28F266CEB1F00E9635B /* SceneDelegate.swift */ = {isa = PBXFileReference; lastKnownFileType = sourcecode.swift; path = SceneDelegate.swift; sourceTree = "<group>"; };
		A8A1B291266CEB1F00E9635B /* IntroductionViewController.swift */ = {isa = PBXFileReference; lastKnownFileType = sourcecode.swift; path = IntroductionViewController.swift; sourceTree = "<group>"; };
		A8A1B294266CEB1F00E9635B /* Base */ = {isa = PBXFileReference; lastKnownFileType = file.storyboard; name = Base; path = Base.lproj/Main.storyboard; sourceTree = "<group>"; };
		A8A1B296266CEB2000E9635B /* Assets.xcassets */ = {isa = PBXFileReference; lastKnownFileType = folder.assetcatalog; path = Assets.xcassets; sourceTree = "<group>"; };
		A8A1B299266CEB2000E9635B /* Base */ = {isa = PBXFileReference; lastKnownFileType = file.storyboard; name = Base; path = Base.lproj/LaunchScreen.storyboard; sourceTree = "<group>"; };
		A8A1B29B266CEB2000E9635B /* Info.plist */ = {isa = PBXFileReference; lastKnownFileType = text.plist.xml; path = Info.plist; sourceTree = "<group>"; };
		A8A1B2A1266CF32600E9635B /* QuestionViewController.swift */ = {isa = PBXFileReference; lastKnownFileType = sourcecode.swift; path = QuestionViewController.swift; sourceTree = "<group>"; };
		A8A1B2A3266CF34C00E9635B /* ResultsViewController.swift */ = {isa = PBXFileReference; lastKnownFileType = sourcecode.swift; path = ResultsViewController.swift; sourceTree = "<group>"; };
		A8A1B2A5266CFC1700E9635B /* Question.swift */ = {isa = PBXFileReference; lastKnownFileType = sourcecode.swift; path = Question.swift; sourceTree = "<group>"; };
		A8A1B2A7266CFCD200E9635B /* Answer.swift */ = {isa = PBXFileReference; lastKnownFileType = sourcecode.swift; path = Answer.swift; sourceTree = "<group>"; };
/* End PBXFileReference section */

/* Begin PBXFrameworksBuildPhase section */
		A8A1B287266CEB1F00E9635B /* Frameworks */ = {
			isa = PBXFrameworksBuildPhase;
			buildActionMask = 2147483647;
			files = (
			);
			runOnlyForDeploymentPostprocessing = 0;
		};
/* End PBXFrameworksBuildPhase section */

/* Begin PBXGroup section */
		A8A1B281266CEB1F00E9635B = {
			isa = PBXGroup;
			children = (
				A8A1B28C266CEB1F00E9635B /* PersonalityQuiz */,
				A8A1B28B266CEB1F00E9635B /* Products */,
			);
			sourceTree = "<group>";
		};
		A8A1B28B266CEB1F00E9635B /* Products */ = {
			isa = PBXGroup;
			children = (
				A8A1B28A266CEB1F00E9635B /* PersonalityQuiz.app */,
			);
			name = Products;
			sourceTree = "<group>";
		};
		A8A1B28C266CEB1F00E9635B /* PersonalityQuiz */ = {
			isa = PBXGroup;
			children = (
				A8A1B28D266CEB1F00E9635B /* AppDelegate.swift */,
				A8A1B28F266CEB1F00E9635B /* SceneDelegate.swift */,
				A8A1B2AA266CFD8700E9635B /* Controllers */,
				A8A1B2AB266CFDA800E9635B /* View */,
				A8A1B2A9266CFD7B00E9635B /* Model */,
				A8A1B296266CEB2000E9635B /* Assets.xcassets */,
				A8A1B298266CEB2000E9635B /* LaunchScreen.storyboard */,
				A8A1B29B266CEB2000E9635B /* Info.plist */,
			);
			path = PersonalityQuiz;
			sourceTree = "<group>";
		};
		A8A1B2A9266CFD7B00E9635B /* Model */ = {
			isa = PBXGroup;
			children = (
				A8A1B2A7266CFCD200E9635B /* Answer.swift */,
				A8A1B2A5266CFC1700E9635B /* Question.swift */,
			);
			path = Model;
			sourceTree = "<group>";
		};
		A8A1B2AA266CFD8700E9635B /* Controllers */ = {
			isa = PBXGroup;
			children = (
				A8A1B291266CEB1F00E9635B /* IntroductionViewController.swift */,
				A8A1B2A1266CF32600E9635B /* QuestionViewController.swift */,
				A8A1B2A3266CF34C00E9635B /* ResultsViewController.swift */,
			);
			path = Controllers;
			sourceTree = "<group>";
		};
		A8A1B2AB266CFDA800E9635B /* View */ = {
			isa = PBXGroup;
			children = (
				A8A1B293266CEB1F00E9635B /* Main.storyboard */,
			);
			path = View;
			sourceTree = "<group>";
		};
/* End PBXGroup section */

/* Begin PBXNativeTarget section */
		A8A1B289266CEB1F00E9635B /* PersonalityQuiz */ = {
			isa = PBXNativeTarget;
			buildConfigurationList = A8A1B29E266CEB2000E9635B /* Build configuration list for PBXNativeTarget "PersonalityQuiz" */;
			buildPhases = (
				A8A1B286266CEB1F00E9635B /* Sources */,
				A8A1B287266CEB1F00E9635B /* Frameworks */,
				A8A1B288266CEB1F00E9635B /* Resources */,
			);
			buildRules = (
			);
			dependencies = (
			);
			name = PersonalityQuiz;
			productName = PersonalityQuiz;
			productReference = A8A1B28A266CEB1F00E9635B /* PersonalityQuiz.app */;
			productType = "com.apple.product-type.application";
		};
/* End PBXNativeTarget section */

/* Begin PBXProject section */
		A8A1B282266CEB1F00E9635B /* Project object */ = {
			isa = PBXProject;
			attributes = {
				LastSwiftUpdateCheck = 1250;
				LastUpgradeCheck = 1250;
				TargetAttributes = {
					A8A1B289266CEB1F00E9635B = {
						CreatedOnToolsVersion = 12.5;
					};
				};
			};
			buildConfigurationList = A8A1B285266CEB1F00E9635B /* Build configuration list for PBXProject "PersonalityQuiz" */;
			compatibilityVersion = "Xcode 9.3";
			developmentRegion = en;
			hasScannedForEncodings = 0;
			knownRegions = (
				en,
				Base,
			);
			mainGroup = A8A1B281266CEB1F00E9635B;
			productRefGroup = A8A1B28B266CEB1F00E9635B /* Products */;
			projectDirPath = "";
			projectRoot = "";
			targets = (
				A8A1B289266CEB1F00E9635B /* PersonalityQuiz */,
			);
		};
/* End PBXProject section */

/* Begin PBXResourcesBuildPhase section */
		A8A1B288266CEB1F00E9635B /* Resources */ = {
			isa = PBXResourcesBuildPhase;
			buildActionMask = 2147483647;
			files = (
				A8A1B29A266CEB2000E9635B /* LaunchScreen.storyboard in Resources */,
				A8A1B297266CEB2000E9635B /* Assets.xcassets in Resources */,
				A8A1B295266CEB1F00E9635B /* Main.storyboard in Resources */,
			);
			runOnlyForDeploymentPostprocessing = 0;
		};
/* End PBXResourcesBuildPhase section */

/* Begin PBXSourcesBuildPhase section */
		A8A1B286266CEB1F00E9635B /* Sources */ = {
			isa = PBXSourcesBuildPhase;
			buildActionMask = 2147483647;
			files = (
				A8A1B292266CEB1F00E9635B /* IntroductionViewController.swift in Sources */,
				A8A1B28E266CEB1F00E9635B /* AppDelegate.swift in Sources */,
				A8A1B2A2266CF32600E9635B /* QuestionViewController.swift in Sources */,
				A8A1B2A8266CFCD200E9635B /* Answer.swift in Sources */,
				A8A1B2A6266CFC1700E9635B /* Question.swift in Sources */,
				A8A1B2A4266CF34C00E9635B /* ResultsViewController.swift in Sources */,
				A8A1B290266CEB1F00E9635B /* SceneDelegate.swift in Sources */,
			);
			runOnlyForDeploymentPostprocessing = 0;
		};
/* End PBXSourcesBuildPhase section */

/* Begin PBXVariantGroup section */
		A8A1B293266CEB1F00E9635B /* Main.storyboard */ = {
			isa = PBXVariantGroup;
			children = (
				A8A1B294266CEB1F00E9635B /* Base */,
			);
			name = Main.storyboard;
			sourceTree = "<group>";
		};
		A8A1B298266CEB2000E9635B /* LaunchScreen.storyboard */ = {
			isa = PBXVariantGroup;
			children = (
				A8A1B299266CEB2000E9635B /* Base */,
			);
			name = LaunchScreen.storyboard;
			sourceTree = "<group>";
		};
/* End PBXVariantGroup section */

/* Begin XCBuildConfiguration section */
		A8A1B29C266CEB2000E9635B /* Debug */ = {
			isa = XCBuildConfiguration;
			buildSettings = {
				ALWAYS_SEARCH_USER_PATHS = NO;
				CLANG_ANALYZER_NONNULL = YES;
				CLANG_ANALYZER_NUMBER_OBJECT_CONVERSION = YES_AGGRESSIVE;
				CLANG_CXX_LANGUAGE_STANDARD = "gnu++14";
				CLANG_CXX_LIBRARY = "libc++";
				CLANG_ENABLE_MODULES = YES;
				CLANG_ENABLE_OBJC_ARC = YES;
				CLANG_ENABLE_OBJC_WEAK = YES;
				CLANG_WARN_BLOCK_CAPTURE_AUTORELEASING = YES;
				CLANG_WARN_BOOL_CONVERSION = YES;
				CLANG_WARN_COMMA = YES;
				CLANG_WARN_CONSTANT_CONVERSION = YES;
				CLANG_WARN_DEPRECATED_OBJC_IMPLEMENTATIONS = YES;
				CLANG_WARN_DIRECT_OBJC_ISA_USAGE = YES_ERROR;
				CLANG_WARN_DOCUMENTATION_COMMENTS = YES;
				CLANG_WARN_EMPTY_BODY = YES;
				CLANG_WARN_ENUM_CONVERSION = YES;
				CLANG_WARN_INFINITE_RECURSION = YES;
				CLANG_WARN_INT_CONVERSION = YES;
				CLANG_WARN_NON_LITERAL_NULL_CONVERSION = YES;
				CLANG_WARN_OBJC_IMPLICIT_RETAIN_SELF = YES;
				CLANG_WARN_OBJC_LITERAL_CONVERSION = YES;
				CLANG_WARN_OBJC_ROOT_CLASS = YES_ERROR;
				CLANG_WARN_QUOTED_INCLUDE_IN_FRAMEWORK_HEADER = YES;
				CLANG_WARN_RANGE_LOOP_ANALYSIS = YES;
				CLANG_WARN_STRICT_PROTOTYPES = YES;
				CLANG_WARN_SUSPICIOUS_MOVE = YES;
				CLANG_WARN_UNGUARDED_AVAILABILITY = YES_AGGRESSIVE;
				CLANG_WARN_UNREACHABLE_CODE = YES;
				CLANG_WARN__DUPLICATE_METHOD_MATCH = YES;
				COPY_PHASE_STRIP = NO;
				DEBUG_INFORMATION_FORMAT = dwarf;
				ENABLE_STRICT_OBJC_MSGSEND = YES;
				ENABLE_TESTABILITY = YES;
				GCC_C_LANGUAGE_STANDARD = gnu11;
				GCC_DYNAMIC_NO_PIC = NO;
				GCC_NO_COMMON_BLOCKS = YES;
				GCC_OPTIMIZATION_LEVEL = 0;
				GCC_PREPROCESSOR_DEFINITIONS = (
					"DEBUG=1",
					"$(inherited)",
				);
				GCC_WARN_64_TO_32_BIT_CONVERSION = YES;
				GCC_WARN_ABOUT_RETURN_TYPE = YES_ERROR;
				GCC_WARN_UNDECLARED_SELECTOR = YES;
				GCC_WARN_UNINITIALIZED_AUTOS = YES_AGGRESSIVE;
				GCC_WARN_UNUSED_FUNCTION = YES;
				GCC_WARN_UNUSED_VARIABLE = YES;
				IPHONEOS_DEPLOYMENT_TARGET = 14.5;
				MTL_ENABLE_DEBUG_INFO = INCLUDE_SOURCE;
				MTL_FAST_MATH = YES;
				ONLY_ACTIVE_ARCH = YES;
				SDKROOT = iphoneos;
				SWIFT_ACTIVE_COMPILATION_CONDITIONS = DEBUG;
				SWIFT_OPTIMIZATION_LEVEL = "-Onone";
			};
			name = Debug;
		};
		A8A1B29D266CEB2000E9635B /* Release */ = {
			isa = XCBuildConfiguration;
			buildSettings = {
				ALWAYS_SEARCH_USER_PATHS = NO;
				CLANG_ANALYZER_NONNULL = YES;
				CLANG_ANALYZER_NUMBER_OBJECT_CONVERSION = YES_AGGRESSIVE;
				CLANG_CXX_LANGUAGE_STANDARD = "gnu++14";
				CLANG_CXX_LIBRARY = "libc++";
				CLANG_ENABLE_MODULES = YES;
				CLANG_ENABLE_OBJC_ARC = YES;
				CLANG_ENABLE_OBJC_WEAK = YES;
				CLANG_WARN_BLOCK_CAPTURE_AUTORELEASING = YES;
				CLANG_WARN_BOOL_CONVERSION = YES;
				CLANG_WARN_COMMA = YES;
				CLANG_WARN_CONSTANT_CONVERSION = YES;
				CLANG_WARN_DEPRECATED_OBJC_IMPLEMENTATIONS = YES;
				CLANG_WARN_DIRECT_OBJC_ISA_USAGE = YES_ERROR;
				CLANG_WARN_DOCUMENTATION_COMMENTS = YES;
				CLANG_WARN_EMPTY_BODY = YES;
				CLANG_WARN_ENUM_CONVERSION = YES;
				CLANG_WARN_INFINITE_RECURSION = YES;
				CLANG_WARN_INT_CONVERSION = YES;
				CLANG_WARN_NON_LITERAL_NULL_CONVERSION = YES;
				CLANG_WARN_OBJC_IMPLICIT_RETAIN_SELF = YES;
				CLANG_WARN_OBJC_LITERAL_CONVERSION = YES;
				CLANG_WARN_OBJC_ROOT_CLASS = YES_ERROR;
				CLANG_WARN_QUOTED_INCLUDE_IN_FRAMEWORK_HEADER = YES;
				CLANG_WARN_RANGE_LOOP_ANALYSIS = YES;
				CLANG_WARN_STRICT_PROTOTYPES = YES;
				CLANG_WARN_SUSPICIOUS_MOVE = YES;
				CLANG_WARN_UNGUARDED_AVAILABILITY = YES_AGGRESSIVE;
				CLANG_WARN_UNREACHABLE_CODE = YES;
				CLANG_WARN__DUPLICATE_METHOD_MATCH = YES;
				COPY_PHASE_STRIP = NO;
				DEBUG_INFORMATION_FORMAT = "dwarf-with-dsym";
				ENABLE_NS_ASSERTIONS = NO;
				ENABLE_STRICT_OBJC_MSGSEND = YES;
				GCC_C_LANGUAGE_STANDARD = gnu11;
				GCC_NO_COMMON_BLOCKS = YES;
				GCC_WARN_64_TO_32_BIT_CONVERSION = YES;
				GCC_WARN_ABOUT_RETURN_TYPE = YES_ERROR;
				GCC_WARN_UNDECLARED_SELECTOR = YES;
				GCC_WARN_UNINITIALIZED_AUTOS = YES_AGGRESSIVE;
				GCC_WARN_UNUSED_FUNCTION = YES;
				GCC_WARN_UNUSED_VARIABLE = YES;
				IPHONEOS_DEPLOYMENT_TARGET = 14.5;
				MTL_ENABLE_DEBUG_INFO = NO;
				MTL_FAST_MATH = YES;
				SDKROOT = iphoneos;
				SWIFT_COMPILATION_MODE = wholemodule;
				SWIFT_OPTIMIZATION_LEVEL = "-O";
				VALIDATE_PRODUCT = YES;
			};
			name = Release;
		};
		A8A1B29F266CEB2000E9635B /* Debug */ = {
			isa = XCBuildConfiguration;
			buildSettings = {
				ASSETCATALOG_COMPILER_APPICON_NAME = AppIcon;
				ASSETCATALOG_COMPILER_GLOBAL_ACCENT_COLOR_NAME = AccentColor;
				CODE_SIGN_STYLE = Automatic;
				INFOPLIST_FILE = PersonalityQuiz/Info.plist;
				LD_RUNPATH_SEARCH_PATHS = (
					"$(inherited)",
					"@executable_path/Frameworks",
				);
				PRODUCT_BUNDLE_IDENTIFIER = com.wertonical.PersonalityQuiz;
				PRODUCT_NAME = "$(TARGET_NAME)";
				SWIFT_VERSION = 5.0;
				TARGETED_DEVICE_FAMILY = "1,2";
			};
			name = Debug;
		};
		A8A1B2A0266CEB2000E9635B /* Release */ = {
			isa = XCBuildConfiguration;
			buildSettings = {
				ASSETCATALOG_COMPILER_APPICON_NAME = AppIcon;
				ASSETCATALOG_COMPILER_GLOBAL_ACCENT_COLOR_NAME = AccentColor;
				CODE_SIGN_STYLE = Automatic;
				INFOPLIST_FILE = PersonalityQuiz/Info.plist;
				LD_RUNPATH_SEARCH_PATHS = (
					"$(inherited)",
					"@executable_path/Frameworks",
				);
				PRODUCT_BUNDLE_IDENTIFIER = com.wertonical.PersonalityQuiz;
				PRODUCT_NAME = "$(TARGET_NAME)";
				SWIFT_VERSION = 5.0;
				TARGETED_DEVICE_FAMILY = "1,2";
			};
			name = Release;
		};
/* End XCBuildConfiguration section */

/* Begin XCConfigurationList section */
		A8A1B285266CEB1F00E9635B /* Build configuration list for PBXProject "PersonalityQuiz" */ = {
			isa = XCConfigurationList;
			buildConfigurations = (
				A8A1B29C266CEB2000E9635B /* Debug */,
				A8A1B29D266CEB2000E9635B /* Release */,
			);
			defaultConfigurationIsVisible = 0;
			defaultConfigurationName = Release;
		};
		A8A1B29E266CEB2000E9635B /* Build configuration list for PBXNativeTarget "PersonalityQuiz" */ = {
			isa = XCConfigurationList;
			buildConfigurations = (
				A8A1B29F266CEB2000E9635B /* Debug */,
				A8A1B2A0266CEB2000E9635B /* Release */,
			);
			defaultConfigurationIsVisible = 0;
			defaultConfigurationName = Release;
		};
/* End XCConfigurationList section */
	};
	rootObject = A8A1B282266CEB1F00E9635B /* Project object */;
}
